
Microsoft Visual Studio Solution File, Format Version 12.00
# Visual Studio 2012
Project("{FAE04EC0-301F-11D3-BF4B-00C04F79EFBC}") = "MafiaHelp", "MafiaHelp\MafiaHelp.csproj", "{31CB4C9C-C852-4A01-98EA-A77C29282A02}"
EndProject
Global
	GlobalSection(SolutionConfigurationPlatforms) = preSolution
		Debug|Any CPU = Debug|Any CPU
		Release|Any CPU = Release|Any CPU
	EndGlobalSection
	GlobalSection(ProjectConfigurationPlatforms) = postSolution
		{31CB4C9C-C852-4A01-98EA-A77C29282A02}.Debug|Any CPU.ActiveCfg = Debug|Any CPU
		{31CB4C9C-C852-4A01-98EA-A77C29282A02}.Debug|Any CPU.Build.0 = Debug|Any CPU
		{31CB4C9C-C852-4A01-98EA-A77C29282A02}.Release|Any CPU.ActiveCfg = Release|Any CPU
		{31CB4C9C-C852-4A01-98EA-A77C29282A02}.Release|Any CPU.Build.0 = Release|Any CPU
	EndGlobalSection
	GlobalSection(SolutionProperties) = preSolution
		HideSolutionNode = FALSE
	EndGlobalSection
EndGlobal
